// !$*UTF8*$!
{
	archiveVersion = 1;
	classes = {
	};
	objectVersion = 56;
	objects = {

/* Begin PBXBuildFile section */
		EFE931192A39FA9A00B403A3 /* AppDelegate.swift in Sources */ = {isa = PBXBuildFile; fileRef = EFE931182A39FA9A00B403A3 /* AppDelegate.swift */; };
		EFE9311B2A39FA9A00B403A3 /* SceneDelegate.swift in Sources */ = {isa = PBXBuildFile; fileRef = EFE9311A2A39FA9A00B403A3 /* SceneDelegate.swift */; };
		EFE9311D2A39FA9A00B403A3 /* HomeViewController.swift in Sources */ = {isa = PBXBuildFile; fileRef = EFE9311C2A39FA9A00B403A3 /* HomeViewController.swift */; };
		EFE931202A39FA9A00B403A3 /* Main.storyboard in Resources */ = {isa = PBXBuildFile; fileRef = EFE9311E2A39FA9A00B403A3 /* Main.storyboard */; };
		EFE931222A39FAA000B403A3 /* Assets.xcassets in Resources */ = {isa = PBXBuildFile; fileRef = EFE931212A39FAA000B403A3 /* Assets.xcassets */; };
		EFE931252A39FAA000B403A3 /* LaunchScreen.storyboard in Resources */ = {isa = PBXBuildFile; fileRef = EFE931232A39FAA000B403A3 /* LaunchScreen.storyboard */; };
		EFE931302A39FAA000B403A3 /* FirminiqMTTests.swift in Sources */ = {isa = PBXBuildFile; fileRef = EFE9312F2A39FAA000B403A3 /* FirminiqMTTests.swift */; };
		EFE9313A2A39FAA100B403A3 /* FirminiqMTUITests.swift in Sources */ = {isa = PBXBuildFile; fileRef = EFE931392A39FAA100B403A3 /* FirminiqMTUITests.swift */; };
		EFE9313C2A39FAA100B403A3 /* FirminiqMTUITestsLaunchTests.swift in Sources */ = {isa = PBXBuildFile; fileRef = EFE9313B2A39FAA100B403A3 /* FirminiqMTUITestsLaunchTests.swift */; };
		EFE931492A3ADE5500B403A3 /* Images.json in Resources */ = {isa = PBXBuildFile; fileRef = EFE931482A3ADE5500B403A3 /* Images.json */; };
		EFE9314C2A3ADEFF00B403A3 /* DataProcessor.swift in Sources */ = {isa = PBXBuildFile; fileRef = EFE9314B2A3ADEFF00B403A3 /* DataProcessor.swift */; };
		EFE9314E2A3ADF6300B403A3 /* ImagesModel.swift in Sources */ = {isa = PBXBuildFile; fileRef = EFE9314D2A3ADF6300B403A3 /* ImagesModel.swift */; };
		EFE931512A3AE11A00B403A3 /* ImageDownloader.swift in Sources */ = {isa = PBXBuildFile; fileRef = EFE931502A3AE11A00B403A3 /* ImageDownloader.swift */; };
		EFE931552A3B01EF00B403A3 /* ImagesCollectionViewCell.swift in Sources */ = {isa = PBXBuildFile; fileRef = EFE931542A3B01EF00B403A3 /* ImagesCollectionViewCell.swift */; };
		EFE931572A3B149A00B403A3 /* HomeViewVM.swift in Sources */ = {isa = PBXBuildFile; fileRef = EFE931562A3B149A00B403A3 /* HomeViewVM.swift */; };
		EFE931592A3B14B900B403A3 /* ImagesCVCellVM.swift in Sources */ = {isa = PBXBuildFile; fileRef = EFE931582A3B14B900B403A3 /* ImagesCVCellVM.swift */; };
		EFE9315B2A3B1E8300B403A3 /* MultiActionButton.swift in Sources */ = {isa = PBXBuildFile; fileRef = EFE9315A2A3B1E8300B403A3 /* MultiActionButton.swift */; };
/* End PBXBuildFile section */

/* Begin PBXContainerItemProxy section */
		EFE9312C2A39FAA000B403A3 /* PBXContainerItemProxy */ = {
			isa = PBXContainerItemProxy;
			containerPortal = EFE9310D2A39FA9A00B403A3 /* Project object */;
			proxyType = 1;
			remoteGlobalIDString = EFE931142A39FA9A00B403A3;
			remoteInfo = FirminiqMT;
		};
		EFE931362A39FAA100B403A3 /* PBXContainerItemProxy */ = {
			isa = PBXContainerItemProxy;
			containerPortal = EFE9310D2A39FA9A00B403A3 /* Project object */;
			proxyType = 1;
			remoteGlobalIDString = EFE931142A39FA9A00B403A3;
			remoteInfo = FirminiqMT;
		};
/* End PBXContainerItemProxy section */

/* Begin PBXFileReference section */
		EFE931152A39FA9A00B403A3 /* FirminiqMT.app */ = {isa = PBXFileReference; explicitFileType = wrapper.application; includeInIndex = 0; path = FirminiqMT.app; sourceTree = BUILT_PRODUCTS_DIR; };
		EFE931182A39FA9A00B403A3 /* AppDelegate.swift */ = {isa = PBXFileReference; lastKnownFileType = sourcecode.swift; path = AppDelegate.swift; sourceTree = "<group>"; };
		EFE9311A2A39FA9A00B403A3 /* SceneDelegate.swift */ = {isa = PBXFileReference; lastKnownFileType = sourcecode.swift; path = SceneDelegate.swift; sourceTree = "<group>"; };
		EFE9311C2A39FA9A00B403A3 /* HomeViewController.swift */ = {isa = PBXFileReference; lastKnownFileType = sourcecode.swift; path = HomeViewController.swift; sourceTree = "<group>"; };
		EFE9311F2A39FA9A00B403A3 /* Base */ = {isa = PBXFileReference; lastKnownFileType = file.storyboard; name = Base; path = Base.lproj/Main.storyboard; sourceTree = "<group>"; };
		EFE931212A39FAA000B403A3 /* Assets.xcassets */ = {isa = PBXFileReference; lastKnownFileType = folder.assetcatalog; path = Assets.xcassets; sourceTree = "<group>"; };
		EFE931242A39FAA000B403A3 /* Base */ = {isa = PBXFileReference; lastKnownFileType = file.storyboard; name = Base; path = Base.lproj/LaunchScreen.storyboard; sourceTree = "<group>"; };
		EFE931262A39FAA000B403A3 /* Info.plist */ = {isa = PBXFileReference; lastKnownFileType = text.plist.xml; path = Info.plist; sourceTree = "<group>"; };
		EFE9312B2A39FAA000B403A3 /* FirminiqMTTests.xctest */ = {isa = PBXFileReference; explicitFileType = wrapper.cfbundle; includeInIndex = 0; path = FirminiqMTTests.xctest; sourceTree = BUILT_PRODUCTS_DIR; };
		EFE9312F2A39FAA000B403A3 /* FirminiqMTTests.swift */ = {isa = PBXFileReference; lastKnownFileType = sourcecode.swift; path = FirminiqMTTests.swift; sourceTree = "<group>"; };
		EFE931352A39FAA100B403A3 /* FirminiqMTUITests.xctest */ = {isa = PBXFileReference; explicitFileType = wrapper.cfbundle; includeInIndex = 0; path = FirminiqMTUITests.xctest; sourceTree = BUILT_PRODUCTS_DIR; };
		EFE931392A39FAA100B403A3 /* FirminiqMTUITests.swift */ = {isa = PBXFileReference; lastKnownFileType = sourcecode.swift; path = FirminiqMTUITests.swift; sourceTree = "<group>"; };
		EFE9313B2A39FAA100B403A3 /* FirminiqMTUITestsLaunchTests.swift */ = {isa = PBXFileReference; lastKnownFileType = sourcecode.swift; path = FirminiqMTUITestsLaunchTests.swift; sourceTree = "<group>"; };
		EFE931482A3ADE5500B403A3 /* Images.json */ = {isa = PBXFileReference; fileEncoding = 4; lastKnownFileType = text.json; path = Images.json; sourceTree = "<group>"; };
		EFE9314B2A3ADEFF00B403A3 /* DataProcessor.swift */ = {isa = PBXFileReference; lastKnownFileType = sourcecode.swift; path = DataProcessor.swift; sourceTree = "<group>"; };
		EFE9314D2A3ADF6300B403A3 /* ImagesModel.swift */ = {isa = PBXFileReference; lastKnownFileType = sourcecode.swift; path = ImagesModel.swift; sourceTree = "<group>"; };
		EFE931502A3AE11A00B403A3 /* ImageDownloader.swift */ = {isa = PBXFileReference; lastKnownFileType = sourcecode.swift; path = ImageDownloader.swift; sourceTree = "<group>"; };
		EFE931542A3B01EF00B403A3 /* ImagesCollectionViewCell.swift */ = {isa = PBXFileReference; lastKnownFileType = sourcecode.swift; path = ImagesCollectionViewCell.swift; sourceTree = "<group>"; };
		EFE931562A3B149A00B403A3 /* HomeViewVM.swift */ = {isa = PBXFileReference; lastKnownFileType = sourcecode.swift; path = HomeViewVM.swift; sourceTree = "<group>"; };
		EFE931582A3B14B900B403A3 /* ImagesCVCellVM.swift */ = {isa = PBXFileReference; lastKnownFileType = sourcecode.swift; path = ImagesCVCellVM.swift; sourceTree = "<group>"; };
		EFE9315A2A3B1E8300B403A3 /* MultiActionButton.swift */ = {isa = PBXFileReference; lastKnownFileType = sourcecode.swift; path = MultiActionButton.swift; sourceTree = "<group>"; };
/* End PBXFileReference section */

/* Begin PBXFrameworksBuildPhase section */
		EFE931122A39FA9A00B403A3 /* Frameworks */ = {
			isa = PBXFrameworksBuildPhase;
			buildActionMask = 2147483647;
			files = (
			);
			runOnlyForDeploymentPostprocessing = 0;
		};
		EFE931282A39FAA000B403A3 /* Frameworks */ = {
			isa = PBXFrameworksBuildPhase;
			buildActionMask = 2147483647;
			files = (
			);
			runOnlyForDeploymentPostprocessing = 0;
		};
		EFE931322A39FAA100B403A3 /* Frameworks */ = {
			isa = PBXFrameworksBuildPhase;
			buildActionMask = 2147483647;
			files = (
			);
			runOnlyForDeploymentPostprocessing = 0;
		};
/* End PBXFrameworksBuildPhase section */

/* Begin PBXGroup section */
		EFE9310C2A39FA9A00B403A3 = {
			isa = PBXGroup;
			children = (
				EFE931172A39FA9A00B403A3 /* FirminiqMT */,
				EFE9312E2A39FAA000B403A3 /* FirminiqMTTests */,
				EFE931382A39FAA100B403A3 /* FirminiqMTUITests */,
				EFE931162A39FA9A00B403A3 /* Products */,
			);
			sourceTree = "<group>";
		};
		EFE931162A39FA9A00B403A3 /* Products */ = {
			isa = PBXGroup;
			children = (
				EFE931152A39FA9A00B403A3 /* FirminiqMT.app */,
				EFE9312B2A39FAA000B403A3 /* FirminiqMTTests.xctest */,
				EFE931352A39FAA100B403A3 /* FirminiqMTUITests.xctest */,
			);
			name = Products;
			sourceTree = "<group>";
		};
		EFE931172A39FA9A00B403A3 /* FirminiqMT */ = {
			isa = PBXGroup;
			children = (
				EFE9314A2A3ADEA700B403A3 /* Data & Network Layer */,
				EFE9314F2A3AE07100B403A3 /* Models */,
				EFE931522A3AE14600B403A3 /* ViewModels */,
				EFE931532A3AE16000B403A3 /* Views */,
				EFE931182A39FA9A00B403A3 /* AppDelegate.swift */,
				EFE9311A2A39FA9A00B403A3 /* SceneDelegate.swift */,
				EFE931212A39FAA000B403A3 /* Assets.xcassets */,
				EFE931262A39FAA000B403A3 /* Info.plist */,
			);
			path = FirminiqMT;
			sourceTree = "<group>";
		};
		EFE9312E2A39FAA000B403A3 /* FirminiqMTTests */ = {
			isa = PBXGroup;
			children = (
				EFE9312F2A39FAA000B403A3 /* FirminiqMTTests.swift */,
			);
			path = FirminiqMTTests;
			sourceTree = "<group>";
		};
		EFE931382A39FAA100B403A3 /* FirminiqMTUITests */ = {
			isa = PBXGroup;
			children = (
				EFE931392A39FAA100B403A3 /* FirminiqMTUITests.swift */,
				EFE9313B2A39FAA100B403A3 /* FirminiqMTUITestsLaunchTests.swift */,
			);
			path = FirminiqMTUITests;
			sourceTree = "<group>";
		};
		EFE9314A2A3ADEA700B403A3 /* Data & Network Layer */ = {
			isa = PBXGroup;
			children = (
				EFE931482A3ADE5500B403A3 /* Images.json */,
				EFE9314B2A3ADEFF00B403A3 /* DataProcessor.swift */,
				EFE931502A3AE11A00B403A3 /* ImageDownloader.swift */,
			);
			path = "Data & Network Layer";
			sourceTree = "<group>";
		};
		EFE9314F2A3AE07100B403A3 /* Models */ = {
			isa = PBXGroup;
			children = (
				EFE9314D2A3ADF6300B403A3 /* ImagesModel.swift */,
			);
			path = Models;
			sourceTree = "<group>";
		};
		EFE931522A3AE14600B403A3 /* ViewModels */ = {
			isa = PBXGroup;
			children = (
				EFE931562A3B149A00B403A3 /* HomeViewVM.swift */,
				EFE931582A3B14B900B403A3 /* ImagesCVCellVM.swift */,
			);
			path = ViewModels;
			sourceTree = "<group>";
		};
		EFE931532A3AE16000B403A3 /* Views */ = {
			isa = PBXGroup;
			children = (
				EFE931232A39FAA000B403A3 /* LaunchScreen.storyboard */,
				EFE9311E2A39FA9A00B403A3 /* Main.storyboard */,
				EFE9311C2A39FA9A00B403A3 /* HomeViewController.swift */,
				EFE931542A3B01EF00B403A3 /* ImagesCollectionViewCell.swift */,
				EFE9315A2A3B1E8300B403A3 /* MultiActionButton.swift */,
			);
			path = Views;
			sourceTree = "<group>";
		};
/* End PBXGroup section */

/* Begin PBXNativeTarget section */
		EFE931142A39FA9A00B403A3 /* FirminiqMT */ = {
			isa = PBXNativeTarget;
			buildConfigurationList = EFE9313F2A39FAA100B403A3 /* Build configuration list for PBXNativeTarget "FirminiqMT" */;
			buildPhases = (
				EFE931112A39FA9A00B403A3 /* Sources */,
				EFE931122A39FA9A00B403A3 /* Frameworks */,
				EFE931132A39FA9A00B403A3 /* Resources */,
			);
			buildRules = (
			);
			dependencies = (
			);
			name = FirminiqMT;
			productName = FirminiqMT;
			productReference = EFE931152A39FA9A00B403A3 /* FirminiqMT.app */;
			productType = "com.apple.product-type.application";
		};
		EFE9312A2A39FAA000B403A3 /* FirminiqMTTests */ = {
			isa = PBXNativeTarget;
			buildConfigurationList = EFE931422A39FAA100B403A3 /* Build configuration list for PBXNativeTarget "FirminiqMTTests" */;
			buildPhases = (
				EFE931272A39FAA000B403A3 /* Sources */,
				EFE931282A39FAA000B403A3 /* Frameworks */,
				EFE931292A39FAA000B403A3 /* Resources */,
			);
			buildRules = (
			);
			dependencies = (
				EFE9312D2A39FAA000B403A3 /* PBXTargetDependency */,
			);
			name = FirminiqMTTests;
			productName = FirminiqMTTests;
			productReference = EFE9312B2A39FAA000B403A3 /* FirminiqMTTests.xctest */;
			productType = "com.apple.product-type.bundle.unit-test";
		};
		EFE931342A39FAA100B403A3 /* FirminiqMTUITests */ = {
			isa = PBXNativeTarget;
			buildConfigurationList = EFE931452A39FAA100B403A3 /* Build configuration list for PBXNativeTarget "FirminiqMTUITests" */;
			buildPhases = (
				EFE931312A39FAA100B403A3 /* Sources */,
				EFE931322A39FAA100B403A3 /* Frameworks */,
				EFE931332A39FAA100B403A3 /* Resources */,
			);
			buildRules = (
			);
			dependencies = (
				EFE931372A39FAA100B403A3 /* PBXTargetDependency */,
			);
			name = FirminiqMTUITests;
			productName = FirminiqMTUITests;
			productReference = EFE931352A39FAA100B403A3 /* FirminiqMTUITests.xctest */;
			productType = "com.apple.product-type.bundle.ui-testing";
		};
/* End PBXNativeTarget section */

/* Begin PBXProject section */
		EFE9310D2A39FA9A00B403A3 /* Project object */ = {
			isa = PBXProject;
			attributes = {
				BuildIndependentTargetsInParallel = 1;
				LastSwiftUpdateCheck = 1420;
				LastUpgradeCheck = 1420;
				TargetAttributes = {
					EFE931142A39FA9A00B403A3 = {
						CreatedOnToolsVersion = 14.2;
					};
					EFE9312A2A39FAA000B403A3 = {
						CreatedOnToolsVersion = 14.2;
						TestTargetID = EFE931142A39FA9A00B403A3;
					};
					EFE931342A39FAA100B403A3 = {
						CreatedOnToolsVersion = 14.2;
						TestTargetID = EFE931142A39FA9A00B403A3;
					};
				};
			};
			buildConfigurationList = EFE931102A39FA9A00B403A3 /* Build configuration list for PBXProject "FirminiqMT" */;
			compatibilityVersion = "Xcode 14.0";
			developmentRegion = en;
			hasScannedForEncodings = 0;
			knownRegions = (
				en,
				Base,
			);
			mainGroup = EFE9310C2A39FA9A00B403A3;
			productRefGroup = EFE931162A39FA9A00B403A3 /* Products */;
			projectDirPath = "";
			projectRoot = "";
			targets = (
				EFE931142A39FA9A00B403A3 /* FirminiqMT */,
				EFE9312A2A39FAA000B403A3 /* FirminiqMTTests */,
				EFE931342A39FAA100B403A3 /* FirminiqMTUITests */,
			);
		};
/* End PBXProject section */

/* Begin PBXResourcesBuildPhase section */
		EFE931132A39FA9A00B403A3 /* Resources */ = {
			isa = PBXResourcesBuildPhase;
			buildActionMask = 2147483647;
			files = (
				EFE931252A39FAA000B403A3 /* LaunchScreen.storyboard in Resources */,
				EFE931492A3ADE5500B403A3 /* Images.json in Resources */,
				EFE931222A39FAA000B403A3 /* Assets.xcassets in Resources */,
				EFE931202A39FA9A00B403A3 /* Main.storyboard in Resources */,
			);
			runOnlyForDeploymentPostprocessing = 0;
		};
		EFE931292A39FAA000B403A3 /* Resources */ = {
			isa = PBXResourcesBuildPhase;
			buildActionMask = 2147483647;
			files = (
			);
			runOnlyForDeploymentPostprocessing = 0;
		};
		EFE931332A39FAA100B403A3 /* Resources */ = {
			isa = PBXResourcesBuildPhase;
			buildActionMask = 2147483647;
			files = (
			);
			runOnlyForDeploymentPostprocessing = 0;
		};
/* End PBXResourcesBuildPhase section */

/* Begin PBXSourcesBuildPhase section */
		EFE931112A39FA9A00B403A3 /* Sources */ = {
			isa = PBXSourcesBuildPhase;
			buildActionMask = 2147483647;
			files = (
				EFE9314C2A3ADEFF00B403A3 /* DataProcessor.swift in Sources */,
				EFE9315B2A3B1E8300B403A3 /* MultiActionButton.swift in Sources */,
				EFE9311D2A39FA9A00B403A3 /* HomeViewController.swift in Sources */,
				EFE931572A3B149A00B403A3 /* HomeViewVM.swift in Sources */,
				EFE931592A3B14B900B403A3 /* ImagesCVCellVM.swift in Sources */,
				EFE931192A39FA9A00B403A3 /* AppDelegate.swift in Sources */,
				EFE9311B2A39FA9A00B403A3 /* SceneDelegate.swift in Sources */,
				EFE931512A3AE11A00B403A3 /* ImageDownloader.swift in Sources */,
				EFE931552A3B01EF00B403A3 /* ImagesCollectionViewCell.swift in Sources */,
				EFE9314E2A3ADF6300B403A3 /* ImagesModel.swift in Sources */,
			);
			runOnlyForDeploymentPostprocessing = 0;
		};
		EFE931272A39FAA000B403A3 /* Sources */ = {
			isa = PBXSourcesBuildPhase;
			buildActionMask = 2147483647;
			files = (
				EFE931302A39FAA000B403A3 /* FirminiqMTTests.swift in Sources */,
			);
			runOnlyForDeploymentPostprocessing = 0;
		};
		EFE931312A39FAA100B403A3 /* Sources */ = {
			isa = PBXSourcesBuildPhase;
			buildActionMask = 2147483647;
			files = (
				EFE9313C2A39FAA100B403A3 /* FirminiqMTUITestsLaunchTests.swift in Sources */,
				EFE9313A2A39FAA100B403A3 /* FirminiqMTUITests.swift in Sources */,
			);
			runOnlyForDeploymentPostprocessing = 0;
		};
/* End PBXSourcesBuildPhase section */

/* Begin PBXTargetDependency section */
		EFE9312D2A39FAA000B403A3 /* PBXTargetDependency */ = {
			isa = PBXTargetDependency;
			target = EFE931142A39FA9A00B403A3 /* FirminiqMT */;
			targetProxy = EFE9312C2A39FAA000B403A3 /* PBXContainerItemProxy */;
		};
		EFE931372A39FAA100B403A3 /* PBXTargetDependency */ = {
			isa = PBXTargetDependency;
			target = EFE931142A39FA9A00B403A3 /* FirminiqMT */;
			targetProxy = EFE931362A39FAA100B403A3 /* PBXContainerItemProxy */;
		};
/* End PBXTargetDependency section */

/* Begin PBXVariantGroup section */
		EFE9311E2A39FA9A00B403A3 /* Main.storyboard */ = {
			isa = PBXVariantGroup;
			children = (
				EFE9311F2A39FA9A00B403A3 /* Base */,
			);
			name = Main.storyboard;
			sourceTree = "<group>";
		};
		EFE931232A39FAA000B403A3 /* LaunchScreen.storyboard */ = {
			isa = PBXVariantGroup;
			children = (
				EFE931242A39FAA000B403A3 /* Base */,
			);
			name = LaunchScreen.storyboard;
			sourceTree = "<group>";
		};
/* End PBXVariantGroup section */

/* Begin XCBuildConfiguration section */
		EFE9313D2A39FAA100B403A3 /* Debug */ = {
			isa = XCBuildConfiguration;
			buildSettings = {
				ALWAYS_SEARCH_USER_PATHS = NO;
				CLANG_ANALYZER_NONNULL = YES;
				CLANG_ANALYZER_NUMBER_OBJECT_CONVERSION = YES_AGGRESSIVE;
				CLANG_CXX_LANGUAGE_STANDARD = "gnu++20";
				CLANG_ENABLE_MODULES = YES;
				CLANG_ENABLE_OBJC_ARC = YES;
				CLANG_ENABLE_OBJC_WEAK = YES;
				CLANG_WARN_BLOCK_CAPTURE_AUTORELEASING = YES;
				CLANG_WARN_BOOL_CONVERSION = YES;
				CLANG_WARN_COMMA = YES;
				CLANG_WARN_CONSTANT_CONVERSION = YES;
				CLANG_WARN_DEPRECATED_OBJC_IMPLEMENTATIONS = YES;
				CLANG_WARN_DIRECT_OBJC_ISA_USAGE = YES_ERROR;
				CLANG_WARN_DOCUMENTATION_COMMENTS = YES;
				CLANG_WARN_EMPTY_BODY = YES;
				CLANG_WARN_ENUM_CONVERSION = YES;
				CLANG_WARN_INFINITE_RECURSION = YES;
				CLANG_WARN_INT_CONVERSION = YES;
				CLANG_WARN_NON_LITERAL_NULL_CONVERSION = YES;
				CLANG_WARN_OBJC_IMPLICIT_RETAIN_SELF = YES;
				CLANG_WARN_OBJC_LITERAL_CONVERSION = YES;
				CLANG_WARN_OBJC_ROOT_CLASS = YES_ERROR;
				CLANG_WARN_QUOTED_INCLUDE_IN_FRAMEWORK_HEADER = YES;
				CLANG_WARN_RANGE_LOOP_ANALYSIS = YES;
				CLANG_WARN_STRICT_PROTOTYPES = YES;
				CLANG_WARN_SUSPICIOUS_MOVE = YES;
				CLANG_WARN_UNGUARDED_AVAILABILITY = YES_AGGRESSIVE;
				CLANG_WARN_UNREACHABLE_CODE = YES;
				CLANG_WARN__DUPLICATE_METHOD_MATCH = YES;
				COPY_PHASE_STRIP = NO;
				DEBUG_INFORMATION_FORMAT = dwarf;
				ENABLE_STRICT_OBJC_MSGSEND = YES;
				ENABLE_TESTABILITY = YES;
				GCC_C_LANGUAGE_STANDARD = gnu11;
				GCC_DYNAMIC_NO_PIC = NO;
				GCC_NO_COMMON_BLOCKS = YES;
				GCC_OPTIMIZATION_LEVEL = 0;
				GCC_PREPROCESSOR_DEFINITIONS = (
					"DEBUG=1",
					"$(inherited)",
				);
				GCC_WARN_64_TO_32_BIT_CONVERSION = YES;
				GCC_WARN_ABOUT_RETURN_TYPE = YES_ERROR;
				GCC_WARN_UNDECLARED_SELECTOR = YES;
				GCC_WARN_UNINITIALIZED_AUTOS = YES_AGGRESSIVE;
				GCC_WARN_UNUSED_FUNCTION = YES;
				GCC_WARN_UNUSED_VARIABLE = YES;
				IPHONEOS_DEPLOYMENT_TARGET = 16.2;
				MTL_ENABLE_DEBUG_INFO = INCLUDE_SOURCE;
				MTL_FAST_MATH = YES;
				ONLY_ACTIVE_ARCH = YES;
				SDKROOT = iphoneos;
				SWIFT_ACTIVE_COMPILATION_CONDITIONS = DEBUG;
				SWIFT_OPTIMIZATION_LEVEL = "-Onone";
			};
			name = Debug;
		};
		EFE9313E2A39FAA100B403A3 /* Release */ = {
			isa = XCBuildConfiguration;
			buildSettings = {
				ALWAYS_SEARCH_USER_PATHS = NO;
				CLANG_ANALYZER_NONNULL = YES;
				CLANG_ANALYZER_NUMBER_OBJECT_CONVERSION = YES_AGGRESSIVE;
				CLANG_CXX_LANGUAGE_STANDARD = "gnu++20";
				CLANG_ENABLE_MODULES = YES;
				CLANG_ENABLE_OBJC_ARC = YES;
				CLANG_ENABLE_OBJC_WEAK = YES;
				CLANG_WARN_BLOCK_CAPTURE_AUTORELEASING = YES;
				CLANG_WARN_BOOL_CONVERSION = YES;
				CLANG_WARN_COMMA = YES;
				CLANG_WARN_CONSTANT_CONVERSION = YES;
				CLANG_WARN_DEPRECATED_OBJC_IMPLEMENTATIONS = YES;
				CLANG_WARN_DIRECT_OBJC_ISA_USAGE = YES_ERROR;
				CLANG_WARN_DOCUMENTATION_COMMENTS = YES;
				CLANG_WARN_EMPTY_BODY = YES;
				CLANG_WARN_ENUM_CONVERSION = YES;
				CLANG_WARN_INFINITE_RECURSION = YES;
				CLANG_WARN_INT_CONVERSION = YES;
				CLANG_WARN_NON_LITERAL_NULL_CONVERSION = YES;
				CLANG_WARN_OBJC_IMPLICIT_RETAIN_SELF = YES;
				CLANG_WARN_OBJC_LITERAL_CONVERSION = YES;
				CLANG_WARN_OBJC_ROOT_CLASS = YES_ERROR;
				CLANG_WARN_QUOTED_INCLUDE_IN_FRAMEWORK_HEADER = YES;
				CLANG_WARN_RANGE_LOOP_ANALYSIS = YES;
				CLANG_WARN_STRICT_PROTOTYPES = YES;
				CLANG_WARN_SUSPICIOUS_MOVE = YES;
				CLANG_WARN_UNGUARDED_AVAILABILITY = YES_AGGRESSIVE;
				CLANG_WARN_UNREACHABLE_CODE = YES;
				CLANG_WARN__DUPLICATE_METHOD_MATCH = YES;
				COPY_PHASE_STRIP = NO;
				DEBUG_INFORMATION_FORMAT = "dwarf-with-dsym";
				ENABLE_NS_ASSERTIONS = NO;
				ENABLE_STRICT_OBJC_MSGSEND = YES;
				GCC_C_LANGUAGE_STANDARD = gnu11;
				GCC_NO_COMMON_BLOCKS = YES;
				GCC_WARN_64_TO_32_BIT_CONVERSION = YES;
				GCC_WARN_ABOUT_RETURN_TYPE = YES_ERROR;
				GCC_WARN_UNDECLARED_SELECTOR = YES;
				GCC_WARN_UNINITIALIZED_AUTOS = YES_AGGRESSIVE;
				GCC_WARN_UNUSED_FUNCTION = YES;
				GCC_WARN_UNUSED_VARIABLE = YES;
				IPHONEOS_DEPLOYMENT_TARGET = 16.2;
				MTL_ENABLE_DEBUG_INFO = NO;
				MTL_FAST_MATH = YES;
				SDKROOT = iphoneos;
				SWIFT_COMPILATION_MODE = wholemodule;
				SWIFT_OPTIMIZATION_LEVEL = "-O";
				VALIDATE_PRODUCT = YES;
			};
			name = Release;
		};
		EFE931402A39FAA100B403A3 /* Debug */ = {
			isa = XCBuildConfiguration;
			buildSettings = {
				ASSETCATALOG_COMPILER_APPICON_NAME = AppIcon;
				ASSETCATALOG_COMPILER_GLOBAL_ACCENT_COLOR_NAME = AccentColor;
				CODE_SIGN_STYLE = Automatic;
				CURRENT_PROJECT_VERSION = 1;
				GENERATE_INFOPLIST_FILE = YES;
				INFOPLIST_FILE = FirminiqMT/Info.plist;
				INFOPLIST_KEY_UIApplicationSupportsIndirectInputEvents = YES;
				INFOPLIST_KEY_UILaunchStoryboardName = LaunchScreen;
				INFOPLIST_KEY_UIMainStoryboardFile = Main;
				INFOPLIST_KEY_UISupportedInterfaceOrientations_iPad = "UIInterfaceOrientationPortrait UIInterfaceOrientationPortraitUpsideDown UIInterfaceOrientationLandscapeLeft UIInterfaceOrientationLandscapeRight";
				INFOPLIST_KEY_UISupportedInterfaceOrientations_iPhone = "UIInterfaceOrientationPortrait UIInterfaceOrientationLandscapeLeft UIInterfaceOrientationLandscapeRight";
				IPHONEOS_DEPLOYMENT_TARGET = 14.0;
				LD_RUNPATH_SEARCH_PATHS = (
					"$(inherited)",
					"@executable_path/Frameworks",
				);
				MARKETING_VERSION = 1.0;
				PRODUCT_BUNDLE_IDENTIFIER = in.arunvijay.FirminiqMT;
				PRODUCT_NAME = "$(TARGET_NAME)";
				SWIFT_EMIT_LOC_STRINGS = YES;
				SWIFT_VERSION = 5.0;
				TARGETED_DEVICE_FAMILY = "1,2";
			};
			name = Debug;
		};
		EFE931412A39FAA100B403A3 /* Release */ = {
			isa = XCBuildConfiguration;
			buildSettings = {
				ASSETCATALOG_COMPILER_APPICON_NAME = AppIcon;
				ASSETCATALOG_COMPILER_GLOBAL_ACCENT_COLOR_NAME = AccentColor;
				CODE_SIGN_STYLE = Automatic;
				CURRENT_PROJECT_VERSION = 1;
				GENERATE_INFOPLIST_FILE = YES;
				INFOPLIST_FILE = FirminiqMT/Info.plist;
				INFOPLIST_KEY_UIApplicationSupportsIndirectInputEvents = YES;
				INFOPLIST_KEY_UILaunchStoryboardName = LaunchScreen;
				INFOPLIST_KEY_UIMainStoryboardFile = Main;
				INFOPLIST_KEY_UISupportedInterfaceOrientations_iPad = "UIInterfaceOrientationPortrait UIInterfaceOrientationPortraitUpsideDown UIInterfaceOrientationLandscapeLeft UIInterfaceOrientationLandscapeRight";
				INFOPLIST_KEY_UISupportedInterfaceOrientations_iPhone = "UIInterfaceOrientationPortrait UIInterfaceOrientationLandscapeLeft UIInterfaceOrientationLandscapeRight";
				IPHONEOS_DEPLOYMENT_TARGET = 14.0;
				LD_RUNPATH_SEARCH_PATHS = (
					"$(inherited)",
					"@executable_path/Frameworks",
				);
				MARKETING_VERSION = 1.0;
				PRODUCT_BUNDLE_IDENTIFIER = in.arunvijay.FirminiqMT;
				PRODUCT_NAME = "$(TARGET_NAME)";
				SWIFT_EMIT_LOC_STRINGS = YES;
				SWIFT_VERSION = 5.0;
				TARGETED_DEVICE_FAMILY = "1,2";
			};
			name = Release;
		};
		EFE931432A39FAA100B403A3 /* Debug */ = {
			isa = XCBuildConfiguration;
			buildSettings = {
				ALWAYS_EMBED_SWIFT_STANDARD_LIBRARIES = YES;
				BUNDLE_LOADER = "$(TEST_HOST)";
				CODE_SIGN_STYLE = Automatic;
				CURRENT_PROJECT_VERSION = 1;
				GENERATE_INFOPLIST_FILE = YES;
				IPHONEOS_DEPLOYMENT_TARGET = 16.2;
				MARKETING_VERSION = 1.0;
				PRODUCT_BUNDLE_IDENTIFIER = in.arunvijay.FirminiqMTTests;
				PRODUCT_NAME = "$(TARGET_NAME)";
				SWIFT_EMIT_LOC_STRINGS = NO;
				SWIFT_VERSION = 5.0;
				TARGETED_DEVICE_FAMILY = "1,2";
				TEST_HOST = "$(BUILT_PRODUCTS_DIR)/FirminiqMT.app/$(BUNDLE_EXECUTABLE_FOLDER_PATH)/FirminiqMT";
			};
			name = Debug;
		};
		EFE931442A39FAA100B403A3 /* Release */ = {
			isa = XCBuildConfiguration;
			buildSettings = {
				ALWAYS_EMBED_SWIFT_STANDARD_LIBRARIES = YES;
				BUNDLE_LOADER = "$(TEST_HOST)";
				CODE_SIGN_STYLE = Automatic;
				CURRENT_PROJECT_VERSION = 1;
				GENERATE_INFOPLIST_FILE = YES;
				IPHONEOS_DEPLOYMENT_TARGET = 16.2;
				MARKETING_VERSION = 1.0;
				PRODUCT_BUNDLE_IDENTIFIER = in.arunvijay.FirminiqMTTests;
				PRODUCT_NAME = "$(TARGET_NAME)";
				SWIFT_EMIT_LOC_STRINGS = NO;
				SWIFT_VERSION = 5.0;
				TARGETED_DEVICE_FAMILY = "1,2";
				TEST_HOST = "$(BUILT_PRODUCTS_DIR)/FirminiqMT.app/$(BUNDLE_EXECUTABLE_FOLDER_PATH)/FirminiqMT";
			};
			name = Release;
		};
		EFE931462A39FAA100B403A3 /* Debug */ = {
			isa = XCBuildConfiguration;
			buildSettings = {
				ALWAYS_EMBED_SWIFT_STANDARD_LIBRARIES = YES;
				CODE_SIGN_STYLE = Automatic;
				CURRENT_PROJECT_VERSION = 1;
				GENERATE_INFOPLIST_FILE = YES;
				MARKETING_VERSION = 1.0;
				PRODUCT_BUNDLE_IDENTIFIER = in.arunvijay.FirminiqMTUITests;
				PRODUCT_NAME = "$(TARGET_NAME)";
				SWIFT_EMIT_LOC_STRINGS = NO;
				SWIFT_VERSION = 5.0;
				TARGETED_DEVICE_FAMILY = "1,2";
				TEST_TARGET_NAME = FirminiqMT;
			};
			name = Debug;
		};
		EFE931472A39FAA100B403A3 /* Release */ = {
			isa = XCBuildConfiguration;
			buildSettings = {
				ALWAYS_EMBED_SWIFT_STANDARD_LIBRARIES = YES;
				CODE_SIGN_STYLE = Automatic;
				CURRENT_PROJECT_VERSION = 1;
				GENERATE_INFOPLIST_FILE = YES;
				MARKETING_VERSION = 1.0;
				PRODUCT_BUNDLE_IDENTIFIER = in.arunvijay.FirminiqMTUITests;
				PRODUCT_NAME = "$(TARGET_NAME)";
				SWIFT_EMIT_LOC_STRINGS = NO;
				SWIFT_VERSION = 5.0;
				TARGETED_DEVICE_FAMILY = "1,2";
				TEST_TARGET_NAME = FirminiqMT;
			};
			name = Release;
		};
/* End XCBuildConfiguration section */

/* Begin XCConfigurationList section */
		EFE931102A39FA9A00B403A3 /* Build configuration list for PBXProject "FirminiqMT" */ = {
			isa = XCConfigurationList;
			buildConfigurations = (
				EFE9313D2A39FAA100B403A3 /* Debug */,
				EFE9313E2A39FAA100B403A3 /* Release */,
			);
			defaultConfigurationIsVisible = 0;
			defaultConfigurationName = Release;
		};
		EFE9313F2A39FAA100B403A3 /* Build configuration list for PBXNativeTarget "FirminiqMT" */ = {
			isa = XCConfigurationList;
			buildConfigurations = (
				EFE931402A39FAA100B403A3 /* Debug */,
				EFE931412A39FAA100B403A3 /* Release */,
			);
			defaultConfigurationIsVisible = 0;
			defaultConfigurationName = Release;
		};
		EFE931422A39FAA100B403A3 /* Build configuration list for PBXNativeTarget "FirminiqMTTests" */ = {
			isa = XCConfigurationList;
			buildConfigurations = (
				EFE931432A39FAA100B403A3 /* Debug */,
				EFE931442A39FAA100B403A3 /* Release */,
			);
			defaultConfigurationIsVisible = 0;
			defaultConfigurationName = Release;
		};
		EFE931452A39FAA100B403A3 /* Build configuration list for PBXNativeTarget "FirminiqMTUITests" */ = {
			isa = XCConfigurationList;
			buildConfigurations = (
				EFE931462A39FAA100B403A3 /* Debug */,
				EFE931472A39FAA100B403A3 /* Release */,
			);
			defaultConfigurationIsVisible = 0;
			defaultConfigurationName = Release;
		};
/* End XCConfigurationList section */
	};
	rootObject = EFE9310D2A39FA9A00B403A3 /* Project object */;
}
